
Microsoft Visual Studio Solution File, Format Version 12.00
# Visual Studio 15
VisualStudioVersion = 15.0.26403.7
MinimumVisualStudioVersion = 10.0.40219.1
Project("{FAE04EC0-301F-11D3-BF4B-00C04F79EFBC}") = "FuncUtils", "FuncUtils\FuncUtils.csproj", "{CF0CAA7F-AC8D-4239-8CC3-54789B350983}"
EndProject
Global
	GlobalSection(SolutionConfigurationPlatforms) = preSolution
		Debug|Any CPU = Debug|Any CPU
		Release|Any CPU = Release|Any CPU
	EndGlobalSection
	GlobalSection(ProjectConfigurationPlatforms) = postSolution
		{CF0CAA7F-AC8D-4239-8CC3-54789B350983}.Debug|Any CPU.ActiveCfg = Debug|Any CPU
		{CF0CAA7F-AC8D-4239-8CC3-54789B350983}.Debug|Any CPU.Build.0 = Debug|Any CPU
		{CF0CAA7F-AC8D-4239-8CC3-54789B350983}.Release|Any CPU.ActiveCfg = Release|Any CPU
		{CF0CAA7F-AC8D-4239-8CC3-54789B350983}.Release|Any CPU.Build.0 = Release|Any CPU
	EndGlobalSection
	GlobalSection(SolutionProperties) = preSolution
		HideSolutionNode = FALSE
	EndGlobalSection
EndGlobal
